
Microsoft Visual Studio Solution File, Format Version 12.00
# Visual Studio Version 17
VisualStudioVersion = 17.9.34622.214
MinimumVisualStudioVersion = 10.0.40219.1
Project("{FAE04EC0-301F-11D3-BF4B-00C04F79EFBC}") = "PERT 2", "PERT 2.csproj", "{B6FE9AC6-5C69-46A7-819B-907D9884E88E}"
EndProject
Global
	GlobalSection(SolutionConfigurationPlatforms) = preSolution
		Debug|Any CPU = Debug|Any CPU
		Release|Any CPU = Release|Any CPU
	EndGlobalSection
	GlobalSection(ProjectConfigurationPlatforms) = postSolution
		{B6FE9AC6-5C69-46A7-819B-907D9884E88E}.Debug|Any CPU.ActiveCfg = Debug|Any CPU
		{B6FE9AC6-5C69-46A7-819B-907D9884E88E}.Debug|Any CPU.Build.0 = Debug|Any CPU
		{B6FE9AC6-5C69-46A7-819B-907D9884E88E}.Release|Any CPU.ActiveCfg = Release|Any CPU
		{B6FE9AC6-5C69-46A7-819B-907D9884E88E}.Release|Any CPU.Build.0 = Release|Any CPU
	EndGlobalSection
	GlobalSection(SolutionProperties) = preSolution
		HideSolutionNode = FALSE
	EndGlobalSection
	GlobalSection(ExtensibilityGlobals) = postSolution
		SolutionGuid = {EE0D78E0-6FE3-4C4B-B4E1-E1992DD5D391}
	EndGlobalSection
EndGlobal
